// !$*UTF8*$!
{
	archiveVersion = 1;
	classes = {
	};
	objectVersion = 46;
	objects = {

/* Begin PBXBuildFile section */
		E6C41DD91DB77D6A00B580B5 /* main.m in Sources */ = {isa = PBXBuildFile; fileRef = E6C41DD81DB77D6A00B580B5 /* main.m */; };
		E6C41DDC1DB77D6A00B580B5 /* AppDelegate.m in Sources */ = {isa = PBXBuildFile; fileRef = E6C41DDB1DB77D6A00B580B5 /* AppDelegate.m */; };
		E6C41DDF1DB77D6A00B580B5 /* ViewController.m in Sources */ = {isa = PBXBuildFile; fileRef = E6C41DDE1DB77D6A00B580B5 /* ViewController.m */; };
		E6C41DE21DB77D6A00B580B5 /* Main.storyboard in Resources */ = {isa = PBXBuildFile; fileRef = E6C41DE01DB77D6A00B580B5 /* Main.storyboard */; };
		E6C41DE41DB77D6A00B580B5 /* Assets.xcassets in Resources */ = {isa = PBXBuildFile; fileRef = E6C41DE31DB77D6A00B580B5 /* Assets.xcassets */; };
		E6C41DE71DB77D6A00B580B5 /* LaunchScreen.storyboard in Resources */ = {isa = PBXBuildFile; fileRef = E6C41DE51DB77D6A00B580B5 /* LaunchScreen.storyboard */; };
		E6C41DF21DB77D6B00B580B5 /* JNImagePickerDemoTests.m in Sources */ = {isa = PBXBuildFile; fileRef = E6C41DF11DB77D6B00B580B5 /* JNImagePickerDemoTests.m */; };
		E6C41DFD1DB77D6B00B580B5 /* JNImagePickerDemoUITests.m in Sources */ = {isa = PBXBuildFile; fileRef = E6C41DFC1DB77D6B00B580B5 /* JNImagePickerDemoUITests.m */; };
		E6C41E991DB7853A00B580B5 /* UIImagePickerController+Block.m in Sources */ = {isa = PBXBuildFile; fileRef = E6C41E631DB7853A00B580B5 /* UIImagePickerController+Block.m */; };
		E6C41E9A1DB7853A00B580B5 /* UIImagePickerController+DoModal.m in Sources */ = {isa = PBXBuildFile; fileRef = E6C41E651DB7853A00B580B5 /* UIImagePickerController+DoModal.m */; };
		E6C41E9B1DB7853A00B580B5 /* JNIPGridCollectionViewCell.m in Sources */ = {isa = PBXBuildFile; fileRef = E6C41E681DB7853A00B580B5 /* JNIPGridCollectionViewCell.m */; };
		E6C41E9C1DB7853A00B580B5 /* JNIPGridCollectionViewCell.xib in Resources */ = {isa = PBXBuildFile; fileRef = E6C41E691DB7853A00B580B5 /* JNIPGridCollectionViewCell.xib */; };
		E6C41E9D1DB7853A00B580B5 /* JNIPListTableViewCell.m in Sources */ = {isa = PBXBuildFile; fileRef = E6C41E6B1DB7853A00B580B5 /* JNIPListTableViewCell.m */; };
		E6C41E9E1DB7853A00B580B5 /* JNIPListTableViewCell.xib in Resources */ = {isa = PBXBuildFile; fileRef = E6C41E6C1DB7853A00B580B5 /* JNIPListTableViewCell.xib */; };
		E6C41E9F1DB7853A00B580B5 /* JNLargeImageView.m in Sources */ = {isa = PBXBuildFile; fileRef = E6C41E6F1DB7853A00B580B5 /* JNLargeImageView.m */; };
		E6C41EA01DB7853A00B580B5 /* iToast.m in Sources */ = {isa = PBXBuildFile; fileRef = E6C41E711DB7853A00B580B5 /* iToast.m */; };
		E6C41EA11DB7853A00B580B5 /* JNPageItemView.m in Sources */ = {isa = PBXBuildFile; fileRef = E6C41E731DB7853A00B580B5 /* JNPageItemView.m */; };
		E6C41EA41DB7853A00B580B5 /* ALAssetsLibraryAccessor.m in Sources */ = {isa = PBXBuildFile; fileRef = E6C41E7A1DB7853A00B580B5 /* ALAssetsLibraryAccessor.m */; };
		E6C41EA51DB7853A00B580B5 /* AVAssetExportHelper.m in Sources */ = {isa = PBXBuildFile; fileRef = E6C41E7C1DB7853A00B580B5 /* AVAssetExportHelper.m */; };
		E6C41EA61DB7853A00B580B5 /* JNImagePickerHelper.m in Sources */ = {isa = PBXBuildFile; fileRef = E6C41E7E1DB7853A00B580B5 /* JNImagePickerHelper.m */; };
		E6C41EA71DB7853A00B580B5 /* JNIPAssetHelper.m in Sources */ = {isa = PBXBuildFile; fileRef = E6C41E801DB7853A00B580B5 /* JNIPAssetHelper.m */; };
		E6C41EA81DB7853A00B580B5 /* PhotoKitAccessor.m in Sources */ = {isa = PBXBuildFile; fileRef = E6C41E821DB7853A00B580B5 /* PhotoKitAccessor.m */; };
		E6C41EA91DB7853A00B580B5 /* PrivacyHelper.m in Sources */ = {isa = PBXBuildFile; fileRef = E6C41E841DB7853A00B580B5 /* PrivacyHelper.m */; };
		E6C41EAA1DB7853A00B580B5 /* JNAssetManager.m in Sources */ = {isa = PBXBuildFile; fileRef = E6C41E871DB7853A00B580B5 /* JNAssetManager.m */; };
		E6C41EAB1DB7853A00B580B5 /* JNImagePickerConfig.m in Sources */ = {isa = PBXBuildFile; fileRef = E6C41E891DB7853A00B580B5 /* JNImagePickerConfig.m */; };
		E6C41EAC1DB7853A00B580B5 /* JNImagePickerManager.m in Sources */ = {isa = PBXBuildFile; fileRef = E6C41E8B1DB7853A00B580B5 /* JNImagePickerManager.m */; };
		E6C41EAD1DB7853A00B580B5 /* JNIPAsset.m in Sources */ = {isa = PBXBuildFile; fileRef = E6C41E8E1DB7853A00B580B5 /* JNIPAsset.m */; };
		E6C41EAE1DB7853A00B580B5 /* JNPHGridViewController.m in Sources */ = {isa = PBXBuildFile; fileRef = E6C41E911DB7853A00B580B5 /* JNPHGridViewController.m */; };
		E6C41EAF1DB7853A00B580B5 /* JNPHGridViewController.xib in Resources */ = {isa = PBXBuildFile; fileRef = E6C41E921DB7853A00B580B5 /* JNPHGridViewController.xib */; };
		E6C41EB01DB7853A00B580B5 /* JNPHImageViewController.m in Sources */ = {isa = PBXBuildFile; fileRef = E6C41E941DB7853A00B580B5 /* JNPHImageViewController.m */; };
		E6C41EB11DB7853A00B580B5 /* JNPHImageViewController.xib in Resources */ = {isa = PBXBuildFile; fileRef = E6C41E951DB7853A00B580B5 /* JNPHImageViewController.xib */; };
		E6C41EB21DB7853A00B580B5 /* JNPHListViewController.m in Sources */ = {isa = PBXBuildFile; fileRef = E6C41E971DB7853A00B580B5 /* JNPHListViewController.m */; };
		E6C41EB31DB7853A00B580B5 /* JNPHListViewController.xib in Resources */ = {isa = PBXBuildFile; fileRef = E6C41E981DB7853A00B580B5 /* JNPHListViewController.xib */; };
/* End PBXBuildFile section */

/* Begin PBXContainerItemProxy section */
		E6C41DEE1DB77D6B00B580B5 /* PBXContainerItemProxy */ = {
			isa = PBXContainerItemProxy;
			containerPortal = E6C41DCC1DB77D6A00B580B5 /* Project object */;
			proxyType = 1;
			remoteGlobalIDString = E6C41DD31DB77D6A00B580B5;
			remoteInfo = JNImagePickerDemo;
		};
		E6C41DF91DB77D6B00B580B5 /* PBXContainerItemProxy */ = {
			isa = PBXContainerItemProxy;
			containerPortal = E6C41DCC1DB77D6A00B580B5 /* Project object */;
			proxyType = 1;
			remoteGlobalIDString = E6C41DD31DB77D6A00B580B5;
			remoteInfo = JNImagePickerDemo;
		};
/* End PBXContainerItemProxy section */

/* Begin PBXFileReference section */
		E6C41DD41DB77D6A00B580B5 /* JNImagePickerDemo.app */ = {isa = PBXFileReference; explicitFileType = wrapper.application; includeInIndex = 0; path = JNImagePickerDemo.app; sourceTree = BUILT_PRODUCTS_DIR; };
		E6C41DD81DB77D6A00B580B5 /* main.m */ = {isa = PBXFileReference; lastKnownFileType = sourcecode.c.objc; path = main.m; sourceTree = "<group>"; };
		E6C41DDA1DB77D6A00B580B5 /* AppDelegate.h */ = {isa = PBXFileReference; lastKnownFileType = sourcecode.c.h; path = AppDelegate.h; sourceTree = "<group>"; };
		E6C41DDB1DB77D6A00B580B5 /* AppDelegate.m */ = {isa = PBXFileReference; lastKnownFileType = sourcecode.c.objc; path = AppDelegate.m; sourceTree = "<group>"; };
		E6C41DDD1DB77D6A00B580B5 /* ViewController.h */ = {isa = PBXFileReference; lastKnownFileType = sourcecode.c.h; path = ViewController.h; sourceTree = "<group>"; };
		E6C41DDE1DB77D6A00B580B5 /* ViewController.m */ = {isa = PBXFileReference; lastKnownFileType = sourcecode.c.objc; path = ViewController.m; sourceTree = "<group>"; };
		E6C41DE11DB77D6A00B580B5 /* Base */ = {isa = PBXFileReference; lastKnownFileType = file.storyboard; name = Base; path = Base.lproj/Main.storyboard; sourceTree = "<group>"; };
		E6C41DE31DB77D6A00B580B5 /* Assets.xcassets */ = {isa = PBXFileReference; lastKnownFileType = folder.assetcatalog; path = Assets.xcassets; sourceTree = "<group>"; };
		E6C41DE61DB77D6A00B580B5 /* Base */ = {isa = PBXFileReference; lastKnownFileType = file.storyboard; name = Base; path = Base.lproj/LaunchScreen.storyboard; sourceTree = "<group>"; };
		E6C41DE81DB77D6A00B580B5 /* Info.plist */ = {isa = PBXFileReference; lastKnownFileType = text.plist.xml; path = Info.plist; sourceTree = "<group>"; };
		E6C41DED1DB77D6B00B580B5 /* JNImagePickerDemoTests.xctest */ = {isa = PBXFileReference; explicitFileType = wrapper.cfbundle; includeInIndex = 0; path = JNImagePickerDemoTests.xctest; sourceTree = BUILT_PRODUCTS_DIR; };
		E6C41DF11DB77D6B00B580B5 /* JNImagePickerDemoTests.m */ = {isa = PBXFileReference; lastKnownFileType = sourcecode.c.objc; path = JNImagePickerDemoTests.m; sourceTree = "<group>"; };
		E6C41DF31DB77D6B00B580B5 /* Info.plist */ = {isa = PBXFileReference; lastKnownFileType = text.plist.xml; path = Info.plist; sourceTree = "<group>"; };
		E6C41DF81DB77D6B00B580B5 /* JNImagePickerDemoUITests.xctest */ = {isa = PBXFileReference; explicitFileType = wrapper.cfbundle; includeInIndex = 0; path = JNImagePickerDemoUITests.xctest; sourceTree = BUILT_PRODUCTS_DIR; };
		E6C41DFC1DB77D6B00B580B5 /* JNImagePickerDemoUITests.m */ = {isa = PBXFileReference; lastKnownFileType = sourcecode.c.objc; path = JNImagePickerDemoUITests.m; sourceTree = "<group>"; };
		E6C41DFE1DB77D6B00B580B5 /* Info.plist */ = {isa = PBXFileReference; lastKnownFileType = text.plist.xml; path = Info.plist; sourceTree = "<group>"; };
		E6C41E621DB7853A00B580B5 /* UIImagePickerController+Block.h */ = {isa = PBXFileReference; fileEncoding = 4; lastKnownFileType = sourcecode.c.h; path = "UIImagePickerController+Block.h"; sourceTree = "<group>"; };
		E6C41E631DB7853A00B580B5 /* UIImagePickerController+Block.m */ = {isa = PBXFileReference; fileEncoding = 4; lastKnownFileType = sourcecode.c.objc; path = "UIImagePickerController+Block.m"; sourceTree = "<group>"; };
		E6C41E641DB7853A00B580B5 /* UIImagePickerController+DoModal.h */ = {isa = PBXFileReference; fileEncoding = 4; lastKnownFileType = sourcecode.c.h; path = "UIImagePickerController+DoModal.h"; sourceTree = "<group>"; };
		E6C41E651DB7853A00B580B5 /* UIImagePickerController+DoModal.m */ = {isa = PBXFileReference; fileEncoding = 4; lastKnownFileType = sourcecode.c.objc; path = "UIImagePickerController+DoModal.m"; sourceTree = "<group>"; };
		E6C41E671DB7853A00B580B5 /* JNIPGridCollectionViewCell.h */ = {isa = PBXFileReference; fileEncoding = 4; lastKnownFileType = sourcecode.c.h; path = JNIPGridCollectionViewCell.h; sourceTree = "<group>"; };
		E6C41E681DB7853A00B580B5 /* JNIPGridCollectionViewCell.m */ = {isa = PBXFileReference; fileEncoding = 4; lastKnownFileType = sourcecode.c.objc; path = JNIPGridCollectionViewCell.m; sourceTree = "<group>"; };
		E6C41E691DB7853A00B580B5 /* JNIPGridCollectionViewCell.xib */ = {isa = PBXFileReference; fileEncoding = 4; lastKnownFileType = file.xib; path = JNIPGridCollectionViewCell.xib; sourceTree = "<group>"; };
		E6C41E6A1DB7853A00B580B5 /* JNIPListTableViewCell.h */ = {isa = PBXFileReference; fileEncoding = 4; lastKnownFileType = sourcecode.c.h; path = JNIPListTableViewCell.h; sourceTree = "<group>"; };
		E6C41E6B1DB7853A00B580B5 /* JNIPListTableViewCell.m */ = {isa = PBXFileReference; fileEncoding = 4; lastKnownFileType = sourcecode.c.objc; path = JNIPListTableViewCell.m; sourceTree = "<group>"; };
		E6C41E6C1DB7853A00B580B5 /* JNIPListTableViewCell.xib */ = {isa = PBXFileReference; fileEncoding = 4; lastKnownFileType = file.xib; path = JNIPListTableViewCell.xib; sourceTree = "<group>"; };
		E6C41E6E1DB7853A00B580B5 /* JNLargeImageView.h */ = {isa = PBXFileReference; fileEncoding = 4; lastKnownFileType = sourcecode.c.h; path = JNLargeImageView.h; sourceTree = "<group>"; };
		E6C41E6F1DB7853A00B580B5 /* JNLargeImageView.m */ = {isa = PBXFileReference; fileEncoding = 4; lastKnownFileType = sourcecode.c.objc; path = JNLargeImageView.m; sourceTree = "<group>"; };
		E6C41E701DB7853A00B580B5 /* iToast.h */ = {isa = PBXFileReference; fileEncoding = 4; lastKnownFileType = sourcecode.c.h; path = iToast.h; sourceTree = "<group>"; };
		E6C41E711DB7853A00B580B5 /* iToast.m */ = {isa = PBXFileReference; fileEncoding = 4; lastKnownFileType = sourcecode.c.objc; path = iToast.m; sourceTree = "<group>"; };
		E6C41E721DB7853A00B580B5 /* JNPageItemView.h */ = {isa = PBXFileReference; fileEncoding = 4; lastKnownFileType = sourcecode.c.h; path = JNPageItemView.h; sourceTree = "<group>"; };
		E6C41E731DB7853A00B580B5 /* JNPageItemView.m */ = {isa = PBXFileReference; fileEncoding = 4; lastKnownFileType = sourcecode.c.objc; path = JNPageItemView.m; sourceTree = "<group>"; };
		E6C41E791DB7853A00B580B5 /* ALAssetsLibraryAccessor.h */ = {isa = PBXFileReference; fileEncoding = 4; lastKnownFileType = sourcecode.c.h; path = ALAssetsLibraryAccessor.h; sourceTree = "<group>"; };
		E6C41E7A1DB7853A00B580B5 /* ALAssetsLibraryAccessor.m */ = {isa = PBXFileReference; fileEncoding = 4; lastKnownFileType = sourcecode.c.objc; path = ALAssetsLibraryAccessor.m; sourceTree = "<group>"; };
		E6C41E7B1DB7853A00B580B5 /* AVAssetExportHelper.h */ = {isa = PBXFileReference; fileEncoding = 4; lastKnownFileType = sourcecode.c.h; path = AVAssetExportHelper.h; sourceTree = "<group>"; };
		E6C41E7C1DB7853A00B580B5 /* AVAssetExportHelper.m */ = {isa = PBXFileReference; fileEncoding = 4; lastKnownFileType = sourcecode.c.objc; path = AVAssetExportHelper.m; sourceTree = "<group>"; };
		E6C41E7D1DB7853A00B580B5 /* JNImagePickerHelper.h */ = {isa = PBXFileReference; fileEncoding = 4; lastKnownFileType = sourcecode.c.h; path = JNImagePickerHelper.h; sourceTree = "<group>"; };
		E6C41E7E1DB7853A00B580B5 /* JNImagePickerHelper.m */ = {isa = PBXFileReference; fileEncoding = 4; lastKnownFileType = sourcecode.c.objc; path = JNImagePickerHelper.m; sourceTree = "<group>"; };
		E6C41E7F1DB7853A00B580B5 /* JNIPAssetHelper.h */ = {isa = PBXFileReference; fileEncoding = 4; lastKnownFileType = sourcecode.c.h; path = JNIPAssetHelper.h; sourceTree = "<group>"; };
		E6C41E801DB7853A00B580B5 /* JNIPAssetHelper.m */ = {isa = PBXFileReference; fileEncoding = 4; lastKnownFileType = sourcecode.c.objc; path = JNIPAssetHelper.m; sourceTree = "<group>"; };
		E6C41E811DB7853A00B580B5 /* PhotoKitAccessor.h */ = {isa = PBXFileReference; fileEncoding = 4; lastKnownFileType = sourcecode.c.h; path = PhotoKitAccessor.h; sourceTree = "<group>"; };
		E6C41E821DB7853A00B580B5 /* PhotoKitAccessor.m */ = {isa = PBXFileReference; fileEncoding = 4; lastKnownFileType = sourcecode.c.objc; path = PhotoKitAccessor.m; sourceTree = "<group>"; };
		E6C41E831DB7853A00B580B5 /* PrivacyHelper.h */ = {isa = PBXFileReference; fileEncoding = 4; lastKnownFileType = sourcecode.c.h; path = PrivacyHelper.h; sourceTree = "<group>"; };
		E6C41E841DB7853A00B580B5 /* PrivacyHelper.m */ = {isa = PBXFileReference; fileEncoding = 4; lastKnownFileType = sourcecode.c.objc; path = PrivacyHelper.m; sourceTree = "<group>"; };
		E6C41E861DB7853A00B580B5 /* JNAssetManager.h */ = {isa = PBXFileReference; fileEncoding = 4; lastKnownFileType = sourcecode.c.h; path = JNAssetManager.h; sourceTree = "<group>"; };
		E6C41E871DB7853A00B580B5 /* JNAssetManager.m */ = {isa = PBXFileReference; fileEncoding = 4; lastKnownFileType = sourcecode.c.objc; path = JNAssetManager.m; sourceTree = "<group>"; };
		E6C41E881DB7853A00B580B5 /* JNImagePickerConfig.h */ = {isa = PBXFileReference; fileEncoding = 4; lastKnownFileType = sourcecode.c.h; path = JNImagePickerConfig.h; sourceTree = "<group>"; };
		E6C41E891DB7853A00B580B5 /* JNImagePickerConfig.m */ = {isa = PBXFileReference; fileEncoding = 4; lastKnownFileType = sourcecode.c.objc; path = JNImagePickerConfig.m; sourceTree = "<group>"; };
		E6C41E8A1DB7853A00B580B5 /* JNImagePickerManager.h */ = {isa = PBXFileReference; fileEncoding = 4; lastKnownFileType = sourcecode.c.h; path = JNImagePickerManager.h; sourceTree = "<group>"; };
		E6C41E8B1DB7853A00B580B5 /* JNImagePickerManager.m */ = {isa = PBXFileReference; fileEncoding = 4; lastKnownFileType = sourcecode.c.objc; path = JNImagePickerManager.m; sourceTree = "<group>"; };
		E6C41E8D1DB7853A00B580B5 /* JNIPAsset.h */ = {isa = PBXFileReference; fileEncoding = 4; lastKnownFileType = sourcecode.c.h; path = JNIPAsset.h; sourceTree = "<group>"; };
		E6C41E8E1DB7853A00B580B5 /* JNIPAsset.m */ = {isa = PBXFileReference; fileEncoding = 4; lastKnownFileType = sourcecode.c.objc; path = JNIPAsset.m; sourceTree = "<group>"; };
		E6C41E901DB7853A00B580B5 /* JNPHGridViewController.h */ = {isa = PBXFileReference; fileEncoding = 4; lastKnownFileType = sourcecode.c.h; path = JNPHGridViewController.h; sourceTree = "<group>"; };
		E6C41E911DB7853A00B580B5 /* JNPHGridViewController.m */ = {isa = PBXFileReference; fileEncoding = 4; lastKnownFileType = sourcecode.c.objc; path = JNPHGridViewController.m; sourceTree = "<group>"; };
		E6C41E921DB7853A00B580B5 /* JNPHGridViewController.xib */ = {isa = PBXFileReference; fileEncoding = 4; lastKnownFileType = file.xib; path = JNPHGridViewController.xib; sourceTree = "<group>"; };
		E6C41E931DB7853A00B580B5 /* JNPHImageViewController.h */ = {isa = PBXFileReference; fileEncoding = 4; lastKnownFileType = sourcecode.c.h; path = JNPHImageViewController.h; sourceTree = "<group>"; };
		E6C41E941DB7853A00B580B5 /* JNPHImageViewController.m */ = {isa = PBXFileReference; fileEncoding = 4; lastKnownFileType = sourcecode.c.objc; path = JNPHImageViewController.m; sourceTree = "<group>"; };
		E6C41E951DB7853A00B580B5 /* JNPHImageViewController.xib */ = {isa = PBXFileReference; fileEncoding = 4; lastKnownFileType = file.xib; path = JNPHImageViewController.xib; sourceTree = "<group>"; };
		E6C41E961DB7853A00B580B5 /* JNPHListViewController.h */ = {isa = PBXFileReference; fileEncoding = 4; lastKnownFileType = sourcecode.c.h; path = JNPHListViewController.h; sourceTree = "<group>"; };
		E6C41E971DB7853A00B580B5 /* JNPHListViewController.m */ = {isa = PBXFileReference; fileEncoding = 4; lastKnownFileType = sourcecode.c.objc; path = JNPHListViewController.m; sourceTree = "<group>"; };
		E6C41E981DB7853A00B580B5 /* JNPHListViewController.xib */ = {isa = PBXFileReference; fileEncoding = 4; lastKnownFileType = file.xib; path = JNPHListViewController.xib; sourceTree = "<group>"; };
/* End PBXFileReference section */

/* Begin PBXFrameworksBuildPhase section */
		E6C41DD11DB77D6A00B580B5 /* Frameworks */ = {
			isa = PBXFrameworksBuildPhase;
			buildActionMask = 2147483647;
			files = (
			);
			runOnlyForDeploymentPostprocessing = 0;
		};
		E6C41DEA1DB77D6A00B580B5 /* Frameworks */ = {
			isa = PBXFrameworksBuildPhase;
			buildActionMask = 2147483647;
			files = (
			);
			runOnlyForDeploymentPostprocessing = 0;
		};
		E6C41DF51DB77D6B00B580B5 /* Frameworks */ = {
			isa = PBXFrameworksBuildPhase;
			buildActionMask = 2147483647;
			files = (
			);
			runOnlyForDeploymentPostprocessing = 0;
		};
/* End PBXFrameworksBuildPhase section */

/* Begin PBXGroup section */
		E6C41DCB1DB77D6A00B580B5 = {
			isa = PBXGroup;
			children = (
				E6C41E601DB7853A00B580B5 /* JNImagePicker */,
				E6C41DD61DB77D6A00B580B5 /* JNImagePickerDemo */,
				E6C41DF01DB77D6B00B580B5 /* JNImagePickerDemoTests */,
				E6C41DFB1DB77D6B00B580B5 /* JNImagePickerDemoUITests */,
				E6C41DD51DB77D6A00B580B5 /* Products */,
			);
			sourceTree = "<group>";
		};
		E6C41DD51DB77D6A00B580B5 /* Products */ = {
			isa = PBXGroup;
			children = (
				E6C41DD41DB77D6A00B580B5 /* JNImagePickerDemo.app */,
				E6C41DED1DB77D6B00B580B5 /* JNImagePickerDemoTests.xctest */,
				E6C41DF81DB77D6B00B580B5 /* JNImagePickerDemoUITests.xctest */,
			);
			name = Products;
			sourceTree = "<group>";
		};
		E6C41DD61DB77D6A00B580B5 /* JNImagePickerDemo */ = {
			isa = PBXGroup;
			children = (
				E6C41DDA1DB77D6A00B580B5 /* AppDelegate.h */,
				E6C41DDB1DB77D6A00B580B5 /* AppDelegate.m */,
				E6C41DDD1DB77D6A00B580B5 /* ViewController.h */,
				E6C41DDE1DB77D6A00B580B5 /* ViewController.m */,
				E6C41DE01DB77D6A00B580B5 /* Main.storyboard */,
				E6C41DE31DB77D6A00B580B5 /* Assets.xcassets */,
				E6C41DE51DB77D6A00B580B5 /* LaunchScreen.storyboard */,
				E6C41DE81DB77D6A00B580B5 /* Info.plist */,
				E6C41DD71DB77D6A00B580B5 /* Supporting Files */,
			);
			path = JNImagePickerDemo;
			sourceTree = "<group>";
		};
		E6C41DD71DB77D6A00B580B5 /* Supporting Files */ = {
			isa = PBXGroup;
			children = (
				E6C41DD81DB77D6A00B580B5 /* main.m */,
			);
			name = "Supporting Files";
			sourceTree = "<group>";
		};
		E6C41DF01DB77D6B00B580B5 /* JNImagePickerDemoTests */ = {
			isa = PBXGroup;
			children = (
				E6C41DF11DB77D6B00B580B5 /* JNImagePickerDemoTests.m */,
				E6C41DF31DB77D6B00B580B5 /* Info.plist */,
			);
			path = JNImagePickerDemoTests;
			sourceTree = "<group>";
		};
		E6C41DFB1DB77D6B00B580B5 /* JNImagePickerDemoUITests */ = {
			isa = PBXGroup;
			children = (
				E6C41DFC1DB77D6B00B580B5 /* JNImagePickerDemoUITests.m */,
				E6C41DFE1DB77D6B00B580B5 /* Info.plist */,
			);
			path = JNImagePickerDemoUITests;
			sourceTree = "<group>";
		};
		E6C41E601DB7853A00B580B5 /* JNImagePicker */ = {
			isa = PBXGroup;
			children = (
				E6C41E611DB7853A00B580B5 /* Categories */,
				E6C41E661DB7853A00B580B5 /* Cells */,
				E6C41E6D1DB7853A00B580B5 /* CustomUI */,
				E6C41E781DB7853A00B580B5 /* Helper */,
				E6C41E851DB7853A00B580B5 /* Manager */,
				E6C41E8C1DB7853A00B580B5 /* Model */,
				E6C41E8F1DB7853A00B580B5 /* PHImagePicker */,
			);
			path = JNImagePicker;
			sourceTree = "<group>";
		};
		E6C41E611DB7853A00B580B5 /* Categories */ = {
			isa = PBXGroup;
			children = (
				E6C41E621DB7853A00B580B5 /* UIImagePickerController+Block.h */,
				E6C41E631DB7853A00B580B5 /* UIImagePickerController+Block.m */,
				E6C41E641DB7853A00B580B5 /* UIImagePickerController+DoModal.h */,
				E6C41E651DB7853A00B580B5 /* UIImagePickerController+DoModal.m */,
			);
			path = Categories;
			sourceTree = "<group>";
		};
		E6C41E661DB7853A00B580B5 /* Cells */ = {
			isa = PBXGroup;
			children = (
				E6C41E671DB7853A00B580B5 /* JNIPGridCollectionViewCell.h */,
				E6C41E681DB7853A00B580B5 /* JNIPGridCollectionViewCell.m */,
				E6C41E691DB7853A00B580B5 /* JNIPGridCollectionViewCell.xib */,
				E6C41E6A1DB7853A00B580B5 /* JNIPListTableViewCell.h */,
				E6C41E6B1DB7853A00B580B5 /* JNIPListTableViewCell.m */,
				E6C41E6C1DB7853A00B580B5 /* JNIPListTableViewCell.xib */,
			);
			path = Cells;
			sourceTree = "<group>";
		};
		E6C41E6D1DB7853A00B580B5 /* CustomUI */ = {
			isa = PBXGroup;
			children = (
				E6C41E6E1DB7853A00B580B5 /* JNLargeImageView.h */,
				E6C41E6F1DB7853A00B580B5 /* JNLargeImageView.m */,
				E6C41E721DB7853A00B580B5 /* JNPageItemView.h */,
				E6C41E731DB7853A00B580B5 /* JNPageItemView.m */,
				E6C41E701DB7853A00B580B5 /* iToast.h */,
				E6C41E711DB7853A00B580B5 /* iToast.m */,
			);
			path = CustomUI;
			sourceTree = "<group>";
		};
		E6C41E781DB7853A00B580B5 /* Helper */ = {
			isa = PBXGroup;
			children = (
				E6C41E7F1DB7853A00B580B5 /* JNIPAssetHelper.h */,
				E6C41E801DB7853A00B580B5 /* JNIPAssetHelper.m */,
				E6C41E791DB7853A00B580B5 /* ALAssetsLibraryAccessor.h */,
				E6C41E7A1DB7853A00B580B5 /* ALAssetsLibraryAccessor.m */,
				E6C41E7B1DB7853A00B580B5 /* AVAssetExportHelper.h */,
				E6C41E7C1DB7853A00B580B5 /* AVAssetExportHelper.m */,
				E6C41E7D1DB7853A00B580B5 /* JNImagePickerHelper.h */,
				E6C41E7E1DB7853A00B580B5 /* JNImagePickerHelper.m */,
				E6C41E811DB7853A00B580B5 /* PhotoKitAccessor.h */,
				E6C41E821DB7853A00B580B5 /* PhotoKitAccessor.m */,
				E6C41E831DB7853A00B580B5 /* PrivacyHelper.h */,
				E6C41E841DB7853A00B580B5 /* PrivacyHelper.m */,
			);
			path = Helper;
			sourceTree = "<group>";
		};
		E6C41E851DB7853A00B580B5 /* Manager */ = {
			isa = PBXGroup;
			children = (
				E6C41E861DB7853A00B580B5 /* JNAssetManager.h */,
				E6C41E871DB7853A00B580B5 /* JNAssetManager.m */,
				E6C41E881DB7853A00B580B5 /* JNImagePickerConfig.h */,
				E6C41E891DB7853A00B580B5 /* JNImagePickerConfig.m */,
				E6C41E8A1DB7853A00B580B5 /* JNImagePickerManager.h */,
				E6C41E8B1DB7853A00B580B5 /* JNImagePickerManager.m */,
			);
			path = Manager;
			sourceTree = "<group>";
		};
		E6C41E8C1DB7853A00B580B5 /* Model */ = {
			isa = PBXGroup;
			children = (
				E6C41E8D1DB7853A00B580B5 /* JNIPAsset.h */,
				E6C41E8E1DB7853A00B580B5 /* JNIPAsset.m */,
			);
			path = Model;
			sourceTree = "<group>";
		};
		E6C41E8F1DB7853A00B580B5 /* PHImagePicker */ = {
			isa = PBXGroup;
			children = (
				E6C41E901DB7853A00B580B5 /* JNPHGridViewController.h */,
				E6C41E911DB7853A00B580B5 /* JNPHGridViewController.m */,
				E6C41E921DB7853A00B580B5 /* JNPHGridViewController.xib */,
				E6C41E931DB7853A00B580B5 /* JNPHImageViewController.h */,
				E6C41E941DB7853A00B580B5 /* JNPHImageViewController.m */,
				E6C41E951DB7853A00B580B5 /* JNPHImageViewController.xib */,
				E6C41E961DB7853A00B580B5 /* JNPHListViewController.h */,
				E6C41E971DB7853A00B580B5 /* JNPHListViewController.m */,
				E6C41E981DB7853A00B580B5 /* JNPHListViewController.xib */,
			);
			path = PHImagePicker;
			sourceTree = "<group>";
		};
/* End PBXGroup section */

/* Begin PBXNativeTarget section */
		E6C41DD31DB77D6A00B580B5 /* JNImagePickerDemo */ = {
			isa = PBXNativeTarget;
			buildConfigurationList = E6C41E011DB77D6B00B580B5 /* Build configuration list for PBXNativeTarget "JNImagePickerDemo" */;
			buildPhases = (
				E6C41DD01DB77D6A00B580B5 /* Sources */,
				E6C41DD11DB77D6A00B580B5 /* Frameworks */,
				E6C41DD21DB77D6A00B580B5 /* Resources */,
			);
			buildRules = (
			);
			dependencies = (
			);
			name = JNImagePickerDemo;
			productName = JNImagePickerDemo;
			productReference = E6C41DD41DB77D6A00B580B5 /* JNImagePickerDemo.app */;
			productType = "com.apple.product-type.application";
		};
		E6C41DEC1DB77D6A00B580B5 /* JNImagePickerDemoTests */ = {
			isa = PBXNativeTarget;
			buildConfigurationList = E6C41E041DB77D6B00B580B5 /* Build configuration list for PBXNativeTarget "JNImagePickerDemoTests" */;
			buildPhases = (
				E6C41DE91DB77D6A00B580B5 /* Sources */,
				E6C41DEA1DB77D6A00B580B5 /* Frameworks */,
				E6C41DEB1DB77D6A00B580B5 /* Resources */,
			);
			buildRules = (
			);
			dependencies = (
				E6C41DEF1DB77D6B00B580B5 /* PBXTargetDependency */,
			);
			name = JNImagePickerDemoTests;
			productName = JNImagePickerDemoTests;
			productReference = E6C41DED1DB77D6B00B580B5 /* JNImagePickerDemoTests.xctest */;
			productType = "com.apple.product-type.bundle.unit-test";
		};
		E6C41DF71DB77D6B00B580B5 /* JNImagePickerDemoUITests */ = {
			isa = PBXNativeTarget;
			buildConfigurationList = E6C41E071DB77D6B00B580B5 /* Build configuration list for PBXNativeTarget "JNImagePickerDemoUITests" */;
			buildPhases = (
				E6C41DF41DB77D6B00B580B5 /* Sources */,
				E6C41DF51DB77D6B00B580B5 /* Frameworks */,
				E6C41DF61DB77D6B00B580B5 /* Resources */,
			);
			buildRules = (
			);
			dependencies = (
				E6C41DFA1DB77D6B00B580B5 /* PBXTargetDependency */,
			);
			name = JNImagePickerDemoUITests;
			productName = JNImagePickerDemoUITests;
			productReference = E6C41DF81DB77D6B00B580B5 /* JNImagePickerDemoUITests.xctest */;
			productType = "com.apple.product-type.bundle.ui-testing";
		};
/* End PBXNativeTarget section */

/* Begin PBXProject section */
		E6C41DCC1DB77D6A00B580B5 /* Project object */ = {
			isa = PBXProject;
			attributes = {
				LastUpgradeCheck = 0800;
				ORGANIZATIONNAME = NetEase;
				TargetAttributes = {
					E6C41DD31DB77D6A00B580B5 = {
						CreatedOnToolsVersion = 8.0;
						DevelopmentTeam = MWYKGVPTJP;
						ProvisioningStyle = Automatic;
					};
					E6C41DEC1DB77D6A00B580B5 = {
						CreatedOnToolsVersion = 8.0;
						ProvisioningStyle = Automatic;
						TestTargetID = E6C41DD31DB77D6A00B580B5;
					};
					E6C41DF71DB77D6B00B580B5 = {
						CreatedOnToolsVersion = 8.0;
						ProvisioningStyle = Automatic;
						TestTargetID = E6C41DD31DB77D6A00B580B5;
					};
				};
			};
			buildConfigurationList = E6C41DCF1DB77D6A00B580B5 /* Build configuration list for PBXProject "JNImagePickerDemo" */;
			compatibilityVersion = "Xcode 3.2";
			developmentRegion = English;
			hasScannedForEncodings = 0;
			knownRegions = (
				en,
				Base,
			);
			mainGroup = E6C41DCB1DB77D6A00B580B5;
			productRefGroup = E6C41DD51DB77D6A00B580B5 /* Products */;
			projectDirPath = "";
			projectRoot = "";
			targets = (
				E6C41DD31DB77D6A00B580B5 /* JNImagePickerDemo */,
				E6C41DEC1DB77D6A00B580B5 /* JNImagePickerDemoTests */,
				E6C41DF71DB77D6B00B580B5 /* JNImagePickerDemoUITests */,
			);
		};
/* End PBXProject section */

/* Begin PBXResourcesBuildPhase section */
		E6C41DD21DB77D6A00B580B5 /* Resources */ = {
			isa = PBXResourcesBuildPhase;
			buildActionMask = 2147483647;
			files = (
				E6C41DE71DB77D6A00B580B5 /* LaunchScreen.storyboard in Resources */,
				E6C41E9E1DB7853A00B580B5 /* JNIPListTableViewCell.xib in Resources */,
				E6C41EB11DB7853A00B580B5 /* JNPHImageViewController.xib in Resources */,
				E6C41DE41DB77D6A00B580B5 /* Assets.xcassets in Resources */,
				E6C41E9C1DB7853A00B580B5 /* JNIPGridCollectionViewCell.xib in Resources */,
				E6C41DE21DB77D6A00B580B5 /* Main.storyboard in Resources */,
				E6C41EAF1DB7853A00B580B5 /* JNPHGridViewController.xib in Resources */,
				E6C41EB31DB7853A00B580B5 /* JNPHListViewController.xib in Resources */,
			);
			runOnlyForDeploymentPostprocessing = 0;
		};
		E6C41DEB1DB77D6A00B580B5 /* Resources */ = {
			isa = PBXResourcesBuildPhase;
			buildActionMask = 2147483647;
			files = (
			);
			runOnlyForDeploymentPostprocessing = 0;
		};
		E6C41DF61DB77D6B00B580B5 /* Resources */ = {
			isa = PBXResourcesBuildPhase;
			buildActionMask = 2147483647;
			files = (
			);
			runOnlyForDeploymentPostprocessing = 0;
		};
/* End PBXResourcesBuildPhase section */

/* Begin PBXSourcesBuildPhase section */
		E6C41DD01DB77D6A00B580B5 /* Sources */ = {
			isa = PBXSourcesBuildPhase;
			buildActionMask = 2147483647;
			files = (
				E6C41EAD1DB7853A00B580B5 /* JNIPAsset.m in Sources */,
				E6C41EA81DB7853A00B580B5 /* PhotoKitAccessor.m in Sources */,
				E6C41EA01DB7853A00B580B5 /* iToast.m in Sources */,
				E6C41EA51DB7853A00B580B5 /* AVAssetExportHelper.m in Sources */,
				E6C41EA41DB7853A00B580B5 /* ALAssetsLibraryAccessor.m in Sources */,
				E6C41EAB1DB7853A00B580B5 /* JNImagePickerConfig.m in Sources */,
				E6C41EAA1DB7853A00B580B5 /* JNAssetManager.m in Sources */,
				E6C41E9A1DB7853A00B580B5 /* UIImagePickerController+DoModal.m in Sources */,
				E6C41EAE1DB7853A00B580B5 /* JNPHGridViewController.m in Sources */,
				E6C41EAC1DB7853A00B580B5 /* JNImagePickerManager.m in Sources */,
				E6C41DDF1DB77D6A00B580B5 /* ViewController.m in Sources */,
				E6C41E9D1DB7853A00B580B5 /* JNIPListTableViewCell.m in Sources */,
				E6C41E9B1DB7853A00B580B5 /* JNIPGridCollectionViewCell.m in Sources */,
				E6C41EB21DB7853A00B580B5 /* JNPHListViewController.m in Sources */,
				E6C41EA61DB7853A00B580B5 /* JNImagePickerHelper.m in Sources */,
				E6C41DDC1DB77D6A00B580B5 /* AppDelegate.m in Sources */,
				E6C41EB01DB7853A00B580B5 /* JNPHImageViewController.m in Sources */,
				E6C41DD91DB77D6A00B580B5 /* main.m in Sources */,
				E6C41E991DB7853A00B580B5 /* UIImagePickerController+Block.m in Sources */,
				E6C41EA91DB7853A00B580B5 /* PrivacyHelper.m in Sources */,
				E6C41E9F1DB7853A00B580B5 /* JNLargeImageView.m in Sources */,
				E6C41EA71DB7853A00B580B5 /* JNIPAssetHelper.m in Sources */,
				E6C41EA11DB7853A00B580B5 /* JNPageItemView.m in Sources */,
			);
			runOnlyForDeploymentPostprocessing = 0;
		};
		E6C41DE91DB77D6A00B580B5 /* Sources */ = {
			isa = PBXSourcesBuildPhase;
			buildActionMask = 2147483647;
			files = (
				E6C41DF21DB77D6B00B580B5 /* JNImagePickerDemoTests.m in Sources */,
			);
			runOnlyForDeploymentPostprocessing = 0;
		};
		E6C41DF41DB77D6B00B580B5 /* Sources */ = {
			isa = PBXSourcesBuildPhase;
			buildActionMask = 2147483647;
			files = (
				E6C41DFD1DB77D6B00B580B5 /* JNImagePickerDemoUITests.m in Sources */,
			);
			runOnlyForDeploymentPostprocessing = 0;
		};
/* End PBXSourcesBuildPhase section */

/* Begin PBXTargetDependency section */
		E6C41DEF1DB77D6B00B580B5 /* PBXTargetDependency */ = {
			isa = PBXTargetDependency;
			target = E6C41DD31DB77D6A00B580B5 /* JNImagePickerDemo */;
			targetProxy = E6C41DEE1DB77D6B00B580B5 /* PBXContainerItemProxy */;
		};
		E6C41DFA1DB77D6B00B580B5 /* PBXTargetDependency */ = {
			isa = PBXTargetDependency;
			target = E6C41DD31DB77D6A00B580B5 /* JNImagePickerDemo */;
			targetProxy = E6C41DF91DB77D6B00B580B5 /* PBXContainerItemProxy */;
		};
/* End PBXTargetDependency section */

/* Begin PBXVariantGroup section */
		E6C41DE01DB77D6A00B580B5 /* Main.storyboard */ = {
			isa = PBXVariantGroup;
			children = (
				E6C41DE11DB77D6A00B580B5 /* Base */,
			);
			name = Main.storyboard;
			sourceTree = "<group>";
		};
		E6C41DE51DB77D6A00B580B5 /* LaunchScreen.storyboard */ = {
			isa = PBXVariantGroup;
			children = (
				E6C41DE61DB77D6A00B580B5 /* Base */,
			);
			name = LaunchScreen.storyboard;
			sourceTree = "<group>";
		};
/* End PBXVariantGroup section */

/* Begin XCBuildConfiguration section */
		E6C41DFF1DB77D6B00B580B5 /* Debug */ = {
			isa = XCBuildConfiguration;
			buildSettings = {
				ALWAYS_SEARCH_USER_PATHS = NO;
				CLANG_ANALYZER_NONNULL = YES;
				CLANG_CXX_LANGUAGE_STANDARD = "gnu++0x";
				CLANG_CXX_LIBRARY = "libc++";
				CLANG_ENABLE_MODULES = YES;
				CLANG_ENABLE_OBJC_ARC = YES;
				CLANG_WARN_BOOL_CONVERSION = YES;
				CLANG_WARN_CONSTANT_CONVERSION = YES;
				CLANG_WARN_DIRECT_OBJC_ISA_USAGE = YES_ERROR;
				CLANG_WARN_DOCUMENTATION_COMMENTS = YES;
				CLANG_WARN_EMPTY_BODY = YES;
				CLANG_WARN_ENUM_CONVERSION = YES;
				CLANG_WARN_INFINITE_RECURSION = YES;
				CLANG_WARN_INT_CONVERSION = YES;
				CLANG_WARN_OBJC_ROOT_CLASS = YES_ERROR;
				CLANG_WARN_SUSPICIOUS_MOVES = YES;
				CLANG_WARN_UNREACHABLE_CODE = YES;
				CLANG_WARN__DUPLICATE_METHOD_MATCH = YES;
				"CODE_SIGN_IDENTITY[sdk=iphoneos*]" = "iPhone Developer";
				COPY_PHASE_STRIP = NO;
				DEBUG_INFORMATION_FORMAT = dwarf;
				ENABLE_STRICT_OBJC_MSGSEND = YES;
				ENABLE_TESTABILITY = YES;
				GCC_C_LANGUAGE_STANDARD = gnu99;
				GCC_DYNAMIC_NO_PIC = NO;
				GCC_NO_COMMON_BLOCKS = YES;
				GCC_OPTIMIZATION_LEVEL = 0;
				GCC_PREPROCESSOR_DEFINITIONS = (
					"DEBUG=1",
					"$(inherited)",
				);
				GCC_WARN_64_TO_32_BIT_CONVERSION = YES;
				GCC_WARN_ABOUT_RETURN_TYPE = YES_ERROR;
				GCC_WARN_UNDECLARED_SELECTOR = YES;
				GCC_WARN_UNINITIALIZED_AUTOS = YES_AGGRESSIVE;
				GCC_WARN_UNUSED_FUNCTION = YES;
				GCC_WARN_UNUSED_VARIABLE = YES;
				IPHONEOS_DEPLOYMENT_TARGET = 10.0;
				MTL_ENABLE_DEBUG_INFO = YES;
				ONLY_ACTIVE_ARCH = YES;
				SDKROOT = iphoneos;
				TARGETED_DEVICE_FAMILY = "1,2";
			};
			name = Debug;
		};
		E6C41E001DB77D6B00B580B5 /* Release */ = {
			isa = XCBuildConfiguration;
			buildSettings = {
				ALWAYS_SEARCH_USER_PATHS = NO;
				CLANG_ANALYZER_NONNULL = YES;
				CLANG_CXX_LANGUAGE_STANDARD = "gnu++0x";
				CLANG_CXX_LIBRARY = "libc++";
				CLANG_ENABLE_MODULES = YES;
				CLANG_ENABLE_OBJC_ARC = YES;
				CLANG_WARN_BOOL_CONVERSION = YES;
				CLANG_WARN_CONSTANT_CONVERSION = YES;
				CLANG_WARN_DIRECT_OBJC_ISA_USAGE = YES_ERROR;
				CLANG_WARN_DOCUMENTATION_COMMENTS = YES;
				CLANG_WARN_EMPTY_BODY = YES;
				CLANG_WARN_ENUM_CONVERSION = YES;
				CLANG_WARN_INFINITE_RECURSION = YES;
				CLANG_WARN_INT_CONVERSION = YES;
				CLANG_WARN_OBJC_ROOT_CLASS = YES_ERROR;
				CLANG_WARN_SUSPICIOUS_MOVES = YES;
				CLANG_WARN_UNREACHABLE_CODE = YES;
				CLANG_WARN__DUPLICATE_METHOD_MATCH = YES;
				"CODE_SIGN_IDENTITY[sdk=iphoneos*]" = "iPhone Developer";
				COPY_PHASE_STRIP = NO;
				DEBUG_INFORMATION_FORMAT = "dwarf-with-dsym";
				ENABLE_NS_ASSERTIONS = NO;
				ENABLE_STRICT_OBJC_MSGSEND = YES;
				GCC_C_LANGUAGE_STANDARD = gnu99;
				GCC_NO_COMMON_BLOCKS = YES;
				GCC_WARN_64_TO_32_BIT_CONVERSION = YES;
				GCC_WARN_ABOUT_RETURN_TYPE = YES_ERROR;
				GCC_WARN_UNDECLARED_SELECTOR = YES;
				GCC_WARN_UNINITIALIZED_AUTOS = YES_AGGRESSIVE;
				GCC_WARN_UNUSED_FUNCTION = YES;
				GCC_WARN_UNUSED_VARIABLE = YES;
				IPHONEOS_DEPLOYMENT_TARGET = 10.0;
				MTL_ENABLE_DEBUG_INFO = NO;
				SDKROOT = iphoneos;
				TARGETED_DEVICE_FAMILY = "1,2";
				VALIDATE_PRODUCT = YES;
			};
			name = Release;
		};
		E6C41E021DB77D6B00B580B5 /* Debug */ = {
			isa = XCBuildConfiguration;
			buildSettings = {
				ASSETCATALOG_COMPILER_APPICON_NAME = AppIcon;
				DEVELOPMENT_TEAM = MWYKGVPTJP;
				INFOPLIST_FILE = JNImagePickerDemo/Info.plist;
				IPHONEOS_DEPLOYMENT_TARGET = 8.0;
				LD_RUNPATH_SEARCH_PATHS = "$(inherited) @executable_path/Frameworks";
				PRODUCT_BUNDLE_IDENTIFIER = t.JNImagePickerDemo;
				PRODUCT_NAME = "$(TARGET_NAME)";
			};
			name = Debug;
		};
		E6C41E031DB77D6B00B580B5 /* Release */ = {
			isa = XCBuildConfiguration;
			buildSettings = {
				ASSETCATALOG_COMPILER_APPICON_NAME = AppIcon;
				DEVELOPMENT_TEAM = MWYKGVPTJP;
				INFOPLIST_FILE = JNImagePickerDemo/Info.plist;
				IPHONEOS_DEPLOYMENT_TARGET = 8.0;
				LD_RUNPATH_SEARCH_PATHS = "$(inherited) @executable_path/Frameworks";
				PRODUCT_BUNDLE_IDENTIFIER = t.JNImagePickerDemo;
				PRODUCT_NAME = "$(TARGET_NAME)";
			};
			name = Release;
		};
		E6C41E051DB77D6B00B580B5 /* Debug */ = {
			isa = XCBuildConfiguration;
			buildSettings = {
				BUNDLE_LOADER = "$(TEST_HOST)";
				INFOPLIST_FILE = JNImagePickerDemoTests/Info.plist;
				LD_RUNPATH_SEARCH_PATHS = "$(inherited) @executable_path/Frameworks @loader_path/Frameworks";
				PRODUCT_BUNDLE_IDENTIFIER = t.JNImagePickerDemoTests;
				PRODUCT_NAME = "$(TARGET_NAME)";
				TEST_HOST = "$(BUILT_PRODUCTS_DIR)/JNImagePickerDemo.app/JNImagePickerDemo";
			};
			name = Debug;
		};
		E6C41E061DB77D6B00B580B5 /* Release */ = {
			isa = XCBuildConfiguration;
			buildSettings = {
				BUNDLE_LOADER = "$(TEST_HOST)";
				INFOPLIST_FILE = JNImagePickerDemoTests/Info.plist;
				LD_RUNPATH_SEARCH_PATHS = "$(inherited) @executable_path/Frameworks @loader_path/Frameworks";
				PRODUCT_BUNDLE_IDENTIFIER = t.JNImagePickerDemoTests;
				PRODUCT_NAME = "$(TARGET_NAME)";
				TEST_HOST = "$(BUILT_PRODUCTS_DIR)/JNImagePickerDemo.app/JNImagePickerDemo";
			};
			name = Release;
		};
		E6C41E081DB77D6B00B580B5 /* Debug */ = {
			isa = XCBuildConfiguration;
			buildSettings = {
				INFOPLIST_FILE = JNImagePickerDemoUITests/Info.plist;
				LD_RUNPATH_SEARCH_PATHS = "$(inherited) @executable_path/Frameworks @loader_path/Frameworks";
				PRODUCT_BUNDLE_IDENTIFIER = t.JNImagePickerDemoUITests;
				PRODUCT_NAME = "$(TARGET_NAME)";
				TEST_TARGET_NAME = JNImagePickerDemo;
			};
			name = Debug;
		};
		E6C41E091DB77D6B00B580B5 /* Release */ = {
			isa = XCBuildConfiguration;
			buildSettings = {
				INFOPLIST_FILE = JNImagePickerDemoUITests/Info.plist;
				LD_RUNPATH_SEARCH_PATHS = "$(inherited) @executable_path/Frameworks @loader_path/Frameworks";
				PRODUCT_BUNDLE_IDENTIFIER = t.JNImagePickerDemoUITests;
				PRODUCT_NAME = "$(TARGET_NAME)";
				TEST_TARGET_NAME = JNImagePickerDemo;
			};
			name = Release;
		};
/* End XCBuildConfiguration section */

/* Begin XCConfigurationList section */
		E6C41DCF1DB77D6A00B580B5 /* Build configuration list for PBXProject "JNImagePickerDemo" */ = {
			isa = XCConfigurationList;
			buildConfigurations = (
				E6C41DFF1DB77D6B00B580B5 /* Debug */,
				E6C41E001DB77D6B00B580B5 /* Release */,
			);
			defaultConfigurationIsVisible = 0;
			defaultConfigurationName = Release;
		};
		E6C41E011DB77D6B00B580B5 /* Build configuration list for PBXNativeTarget "JNImagePickerDemo" */ = {
			isa = XCConfigurationList;
			buildConfigurations = (
				E6C41E021DB77D6B00B580B5 /* Debug */,
				E6C41E031DB77D6B00B580B5 /* Release */,
			);
			defaultConfigurationIsVisible = 0;
			defaultConfigurationName = Release;
		};
		E6C41E041DB77D6B00B580B5 /* Build configuration list for PBXNativeTarget "JNImagePickerDemoTests" */ = {
			isa = XCConfigurationList;
			buildConfigurations = (
				E6C41E051DB77D6B00B580B5 /* Debug */,
				E6C41E061DB77D6B00B580B5 /* Release */,
			);
			defaultConfigurationIsVisible = 0;
			defaultConfigurationName = Release;
		};
		E6C41E071DB77D6B00B580B5 /* Build configuration list for PBXNativeTarget "JNImagePickerDemoUITests" */ = {
			isa = XCConfigurationList;
			buildConfigurations = (
				E6C41E081DB77D6B00B580B5 /* Debug */,
				E6C41E091DB77D6B00B580B5 /* Release */,
			);
			defaultConfigurationIsVisible = 0;
			defaultConfigurationName = Release;
		};
/* End XCConfigurationList section */
	};
	rootObject = E6C41DCC1DB77D6A00B580B5 /* Project object */;
}
